
Microsoft Visual Studio Solution File, Format Version 12.00
# Visual Studio Version 18
VisualStudioVersion = 18.0.11205.157 d18.0
MinimumVisualStudioVersion = 10.0.40219.1
Project("{FAE04EC0-301F-11D3-BF4B-00C04F79EFBC}") = "USMB_TECH", "USMB_TECH\USMB_TECH.csproj", "{80075E58-A4B1-4E5F-B7DC-0C0E9DEE372E}"
EndProject
Project("{FAE04EC0-301F-11D3-BF4B-00C04F79EFBC}") = "USMB_TECH_Blazor", "USMB_TECH_Blazor\USMB_TECH_Blazor.csproj", "{43D54897-42CD-4C6C-9816-C9F258DD4A37}"
EndProject
Global
	GlobalSection(SolutionConfigurationPlatforms) = preSolution
		Debug|Any CPU = Debug|Any CPU
		Release|Any CPU = Release|Any CPU
	EndGlobalSection
	GlobalSection(ProjectConfigurationPlatforms) = postSolution
		{80075E58-A4B1-4E5F-B7DC-0C0E9DEE372E}.Debug|Any CPU.ActiveCfg = Debug|Any CPU
		{80075E58-A4B1-4E5F-B7DC-0C0E9DEE372E}.Debug|Any CPU.Build.0 = Debug|Any CPU
		{80075E58-A4B1-4E5F-B7DC-0C0E9DEE372E}.Release|Any CPU.ActiveCfg = Release|Any CPU
		{80075E58-A4B1-4E5F-B7DC-0C0E9DEE372E}.Release|Any CPU.Build.0 = Release|Any CPU
		{43D54897-42CD-4C6C-9816-C9F258DD4A37}.Debug|Any CPU.ActiveCfg = Debug|Any CPU
		{43D54897-42CD-4C6C-9816-C9F258DD4A37}.Debug|Any CPU.Build.0 = Debug|Any CPU
		{43D54897-42CD-4C6C-9816-C9F258DD4A37}.Release|Any CPU.ActiveCfg = Release|Any CPU
		{43D54897-42CD-4C6C-9816-C9F258DD4A37}.Release|Any CPU.Build.0 = Release|Any CPU
	EndGlobalSection
	GlobalSection(SolutionProperties) = preSolution
		HideSolutionNode = FALSE
	EndGlobalSection
	GlobalSection(ExtensibilityGlobals) = postSolution
		SolutionGuid = {94302273-B599-463F-A32A-340A8B8849B7}
	EndGlobalSection
EndGlobal
